<?xml version="1.0" encoding="utf-8"?>
<Project ToolsVersion="4.0" xmlns="http://schemas.microsoft.com/developer/msbuild/2003">
  <ItemGroup>
    <Filter Include="Source Files">
      <UniqueIdentifier>{4FC737F1-C7A5-4376-A066-2A32D752A2FF}</UniqueIdentifier>
      <Extensions>cpp;c;cc;cxx;c++;cppm;ixx;def;odl;idl;hpj;bat;asm;asmx</Extensions>
    </Filter>
    <Filter Include="Header Files">
      <UniqueIdentifier>{93995380-89BD-4b04-88EB-625FBE52EBFB}</UniqueIdentifier>
      <Extensions>h;hh;hpp;hxx;h++;hm;inl;inc;ipp;xsd</Extensions>
    </Filter>
    <Filter Include="Resource Files">
      <UniqueIdentifier>{67DA6AB6-F800-4c08-8B7A-83BB121AAD01}</UniqueIdentifier>
      <Extensions>rc;ico;cur;bmp;dlg;rc2;rct;bin;rgs;gif;jpg;jpeg;jpe;resx;tiff;tif;png;wav;mfcribbon-ms</Extensions>
    </Filter>
  </ItemGroup>
  <ItemGroup>
    <ClInclude Include="src\Engine.h">
      <Filter>Header Files</Filter>
    </ClInclude>
    <ClInclude Include="src\Maths.h">
      <Filter>Header Files</Filter>
    </ClInclude>
    <ClInclude Include="src\Core\EntryPoint.h">
      <Filter>Header Files</Filter>
    </ClInclude>
    <ClInclude Include="src\Core\Game.h">
      <Filter>Header Files</Filter>
    </ClInclude>
    <ClInclude Include="src\Core\PCH.h">
      <Filter>Header Files</Filter>
    </ClInclude>
    <ClInclude Include="src\DataTypes\Vec2\Vec2f.h">
      <Filter>Header Files</Filter>
    </ClInclude>
    <ClInclude Include="src\DataTypes\Vec2\Vec2i.h">
      <Filter>Header Files</Filter>
    </ClInclude>
    <ClInclude Include="src\DataTypes\RGBA.h">
      <Filter>Header Files</Filter>
    </ClInclude>
    <ClInclude Include="src\EventSystem\Event.h">
      <Filter>Header Files</Filter>
    </ClInclude>
    <ClInclude Include="src\EventSystem\EventDispatcher.h">
      <Filter>Header Files</Filter>
    </ClInclude>
    <ClInclude Include="src\EventSystem\Events\KeyboardEvents.h">
      <Filter>Header Files</Filter>
    </ClInclude>
    <ClInclude Include="src\EventSystem\Events\MouseEvents.h">
      <Filter>Header Files</Filter>
    </ClInclude>
    <ClInclude Include="src\EventSystem\Events\WindowEvents.h">
      <Filter>Header Files</Filter>
    </ClInclude>
    <ClInclude Include="src\Graphics\Window\Window.h">
      <Filter>Header Files</Filter>
    </ClInclude>
    <ClInclude Include="src\Logger\Logger.h">
      <Filter>Header Files</Filter>
    </ClInclude>
    <ClInclude Include="src\Input\Input.h">
      <Filter>Header Files</Filter>
    </ClInclude>
    <ClInclude Include="src\ECS\EntityManager.h">
      <Filter>Header Files</Filter>
    </ClInclude>
    <ClInclude Include="src\ECS\Entity.h">
      <Filter>Header Files</Filter>
    </ClInclude>
    <ClInclude Include="src\ECS\ComponentBase.h">
      <Filter>Header Files</Filter>
    </ClInclude>
    <ClInclude Include="src\ECS\Components\Transform.h">
      <Filter>Header Files</Filter>
    </ClInclude>
    <ClInclude Include="src\ECS\Components\BoxCollider.h">
      <Filter>Header Files</Filter>
    </ClInclude>
    <ClInclude Include="src\ECS\Components\RectMesh.h">
      <Filter>Header Files</Filter>
    </ClInclude>
    <ClInclude Include="src\ECS\Components\Colour.h">
      <Filter>Header Files</Filter>
    </ClInclude>
    <ClInclude Include="src\ECS\Components\Renderer.h">
      <Filter>Header Files</Filter>
    </ClInclude>
    <ClInclude Include="src\ECS\Components\Texture.h">
      <Filter>Header Files</Filter>
    </ClInclude>
    <ClInclude Include="src\ECS\Components\Parent.h">
      <Filter>Header Files</Filter>
    </ClInclude>
    <ClInclude Include="src\ECS\Components\CircleMesh.h">
      <Filter>Header Files</Filter>
    </ClInclude>
    <ClInclude Include="src\ECS\Components\ConvexMesh.h">
      <Filter>Header Files</Filter>
    </ClInclude>
    <ClInclude Include="src\ECS\Components\Text.h">
      <Filter>Header Files</Filter>
    </ClInclude>
    <ClInclude Include="src\ECS\Components\Button.h">
      <Filter>Header Files</Filter>
    </ClInclude>
    <ClInclude Include="src\ECS\Components\Checkbox.h">
      <Filter>Header Files</Filter>
    </ClInclude>
    <ClInclude Include="src\ECS\Components\TextInput.h">
      <Filter>Header Files</Filter>
    </ClInclude>
  </ItemGroup>
  <ItemGroup>
    <ClCompile Include="src\Core\Game.cpp">
      <Filter>Source Files</Filter>
    </ClCompile>
    <ClCompile Include="src\EventSystem\EventDispatcher.cpp">
      <Filter>Source Files</Filter>
    </ClCompile>
    <ClCompile Include="src\Graphics\Window\Window.cpp">
      <Filter>Source Files</Filter>
    </ClCompile>
    <ClCompile Include="src\Input\Input.cpp">
      <Filter>Source Files</Filter>
    </ClCompile>
    <ClCompile Include="src\ECS\EntityManager.cpp">
      <Filter>Source Files</Filter>
    </ClCompile>
  </ItemGroup>
</Project>